
Microsoft Visual Studio Solution File, Format Version 12.00
# Visual Studio Version 16
VisualStudioVersion = 16.0.32106.194
MinimumVisualStudioVersion = 10.0.40219.1
Project("{FAE04EC0-301F-11D3-BF4B-00C04F79EFBC}") = "crud", "crud\crud.csproj", "{4AB14684-DC50-4598-99B3-502C757C1076}"
EndProject
Global
	GlobalSection(SolutionConfigurationPlatforms) = preSolution
		Debug|Any CPU = Debug|Any CPU
		Release|Any CPU = Release|Any CPU
	EndGlobalSection
	GlobalSection(ProjectConfigurationPlatforms) = postSolution
		{4AB14684-DC50-4598-99B3-502C757C1076}.Debug|Any CPU.ActiveCfg = Debug|Any CPU
		{4AB14684-DC50-4598-99B3-502C757C1076}.Debug|Any CPU.Build.0 = Debug|Any CPU
		{4AB14684-DC50-4598-99B3-502C757C1076}.Release|Any CPU.ActiveCfg = Release|Any CPU
		{4AB14684-DC50-4598-99B3-502C757C1076}.Release|Any CPU.Build.0 = Release|Any CPU
	EndGlobalSection
	GlobalSection(SolutionProperties) = preSolution
		HideSolutionNode = FALSE
	EndGlobalSection
	GlobalSection(ExtensibilityGlobals) = postSolution
		SolutionGuid = {14C7EA9D-2EE2-47DD-A50B-7C823B488FA5}
	EndGlobalSection
EndGlobal
